
Microsoft Visual Studio Solution File, Format Version 12.00
# Visual Studio Version 16
VisualStudioVersion = 16.0.29123.89
MinimumVisualStudioVersion = 10.0.40219.1
Project("{9A19103F-16F7-4668-BE54-9A1E7A4F7556}") = "SnappySQL", "SnappySQL\SnappySQL.csproj", "{9CF62252-D06D-4D72-A0A9-612E1E23E555}"
EndProject
Project("{FAE04EC0-301F-11D3-BF4B-00C04F79EFBC}") = "UnitTests", "UnitTests\UnitTests.csproj", "{F8FF4EFB-9AF3-45B7-8066-B7DD5DAB019B}"
EndProject
Project("{00D1A9C2-B5F0-4AF3-8072-F6C62B433612}") = "TestDB", "TestDB\TestDB.sqlproj", "{7A74DE56-1AE2-4AF4-80AB-F20FFE653054}"
EndProject
Global
	GlobalSection(SolutionConfigurationPlatforms) = preSolution
		Debug|Any CPU = Debug|Any CPU
		Release|Any CPU = Release|Any CPU
	EndGlobalSection
	GlobalSection(ProjectConfigurationPlatforms) = postSolution
		{9CF62252-D06D-4D72-A0A9-612E1E23E555}.Debug|Any CPU.ActiveCfg = Debug|Any CPU
		{9CF62252-D06D-4D72-A0A9-612E1E23E555}.Debug|Any CPU.Build.0 = Debug|Any CPU
		{9CF62252-D06D-4D72-A0A9-612E1E23E555}.Release|Any CPU.ActiveCfg = Release|Any CPU
		{9CF62252-D06D-4D72-A0A9-612E1E23E555}.Release|Any CPU.Build.0 = Release|Any CPU
		{F8FF4EFB-9AF3-45B7-8066-B7DD5DAB019B}.Debug|Any CPU.ActiveCfg = Debug|Any CPU
		{F8FF4EFB-9AF3-45B7-8066-B7DD5DAB019B}.Debug|Any CPU.Build.0 = Debug|Any CPU
		{F8FF4EFB-9AF3-45B7-8066-B7DD5DAB019B}.Release|Any CPU.ActiveCfg = Release|Any CPU
		{F8FF4EFB-9AF3-45B7-8066-B7DD5DAB019B}.Release|Any CPU.Build.0 = Release|Any CPU
		{7A74DE56-1AE2-4AF4-80AB-F20FFE653054}.Debug|Any CPU.ActiveCfg = Debug|Any CPU
		{7A74DE56-1AE2-4AF4-80AB-F20FFE653054}.Debug|Any CPU.Build.0 = Debug|Any CPU
		{7A74DE56-1AE2-4AF4-80AB-F20FFE653054}.Debug|Any CPU.Deploy.0 = Debug|Any CPU
		{7A74DE56-1AE2-4AF4-80AB-F20FFE653054}.Release|Any CPU.ActiveCfg = Release|Any CPU
		{7A74DE56-1AE2-4AF4-80AB-F20FFE653054}.Release|Any CPU.Build.0 = Release|Any CPU
		{7A74DE56-1AE2-4AF4-80AB-F20FFE653054}.Release|Any CPU.Deploy.0 = Release|Any CPU
	EndGlobalSection
	GlobalSection(SolutionProperties) = preSolution
		HideSolutionNode = FALSE
	EndGlobalSection
	GlobalSection(ExtensibilityGlobals) = postSolution
		SolutionGuid = {74305C71-23EE-4A25-A3C8-28A21E88EA11}
	EndGlobalSection
EndGlobal
